
Microsoft Visual Studio Solution File, Format Version 12.00
# Visual Studio Version 17
VisualStudioVersion = 17.10.34928.147
MinimumVisualStudioVersion = 10.0.40219.1
Project("{FAE04EC0-301F-11D3-BF4B-00C04F79EFBC}") = "INF272_Practical1", "INF272_Practical1\INF272_Practical1.csproj", "{8D3B290A-5129-4BAE-86A5-0E68BC2CA45A}"
EndProject
Global
	GlobalSection(SolutionConfigurationPlatforms) = preSolution
		Debug|Any CPU = Debug|Any CPU
		Release|Any CPU = Release|Any CPU
	EndGlobalSection
	GlobalSection(ProjectConfigurationPlatforms) = postSolution
		{8D3B290A-5129-4BAE-86A5-0E68BC2CA45A}.Debug|Any CPU.ActiveCfg = Debug|Any CPU
		{8D3B290A-5129-4BAE-86A5-0E68BC2CA45A}.Debug|Any CPU.Build.0 = Debug|Any CPU
		{8D3B290A-5129-4BAE-86A5-0E68BC2CA45A}.Release|Any CPU.ActiveCfg = Release|Any CPU
		{8D3B290A-5129-4BAE-86A5-0E68BC2CA45A}.Release|Any CPU.Build.0 = Release|Any CPU
	EndGlobalSection
	GlobalSection(SolutionProperties) = preSolution
		HideSolutionNode = FALSE
	EndGlobalSection
	GlobalSection(ExtensibilityGlobals) = postSolution
		SolutionGuid = {69ACEA5D-0B83-40A9-9CE4-15D7AD221C2A}
	EndGlobalSection
EndGlobal
